
Microsoft Visual Studio Solution File, Format Version 12.00
# Visual Studio Version 17
VisualStudioVersion = 17.3.32825.248
MinimumVisualStudioVersion = 10.0.40219.1
Project("{FAE04EC0-301F-11D3-BF4B-00C04F79EFBC}") = "COISA WINFORMS", "COISA WINFORMS\COISA WINFORMS.csproj", "{42DF181E-2775-4596-81D3-13900265C217}"
EndProject
Project("{FAE04EC0-301F-11D3-BF4B-00C04F79EFBC}") = "COISALIBRARY", "COISALIBRARY\COISALIBRARY.csproj", "{185DDDEC-F445-412F-A972-3F0F269F3D42}"
EndProject
Global
	GlobalSection(SolutionConfigurationPlatforms) = preSolution
		Debug|Any CPU = Debug|Any CPU
		Release|Any CPU = Release|Any CPU
	EndGlobalSection
	GlobalSection(ProjectConfigurationPlatforms) = postSolution
		{42DF181E-2775-4596-81D3-13900265C217}.Debug|Any CPU.ActiveCfg = Debug|Any CPU
		{42DF181E-2775-4596-81D3-13900265C217}.Debug|Any CPU.Build.0 = Debug|Any CPU
		{42DF181E-2775-4596-81D3-13900265C217}.Release|Any CPU.ActiveCfg = Release|Any CPU
		{42DF181E-2775-4596-81D3-13900265C217}.Release|Any CPU.Build.0 = Release|Any CPU
		{185DDDEC-F445-412F-A972-3F0F269F3D42}.Debug|Any CPU.ActiveCfg = Debug|Any CPU
		{185DDDEC-F445-412F-A972-3F0F269F3D42}.Debug|Any CPU.Build.0 = Debug|Any CPU
		{185DDDEC-F445-412F-A972-3F0F269F3D42}.Release|Any CPU.ActiveCfg = Release|Any CPU
		{185DDDEC-F445-412F-A972-3F0F269F3D42}.Release|Any CPU.Build.0 = Release|Any CPU
	EndGlobalSection
	GlobalSection(SolutionProperties) = preSolution
		HideSolutionNode = FALSE
	EndGlobalSection
	GlobalSection(ExtensibilityGlobals) = postSolution
		SolutionGuid = {2BA27C8C-F3E4-441B-A878-C3224BF71F71}
	EndGlobalSection
EndGlobal
